
Microsoft Visual Studio Solution File, Format Version 12.00
# Visual Studio 15
VisualStudioVersion = 15.0.28307.421
MinimumVisualStudioVersion = 10.0.40219.1
Project("{FAE04EC0-301F-11D3-BF4B-00C04F79EFBC}") = "Quiz.Service", "Quiz.Service\Quiz.Service.csproj", "{F30FC797-D02C-4954-ABF2-31620F9E55DD}"
EndProject
Global
	GlobalSection(SolutionConfigurationPlatforms) = preSolution
		Debug|Any CPU = Debug|Any CPU
		Release|Any CPU = Release|Any CPU
	EndGlobalSection
	GlobalSection(ProjectConfigurationPlatforms) = postSolution
		{F30FC797-D02C-4954-ABF2-31620F9E55DD}.Debug|Any CPU.ActiveCfg = Debug|Any CPU
		{F30FC797-D02C-4954-ABF2-31620F9E55DD}.Debug|Any CPU.Build.0 = Debug|Any CPU
		{F30FC797-D02C-4954-ABF2-31620F9E55DD}.Release|Any CPU.ActiveCfg = Release|Any CPU
		{F30FC797-D02C-4954-ABF2-31620F9E55DD}.Release|Any CPU.Build.0 = Release|Any CPU
	EndGlobalSection
	GlobalSection(SolutionProperties) = preSolution
		HideSolutionNode = FALSE
	EndGlobalSection
	GlobalSection(ExtensibilityGlobals) = postSolution
		SolutionGuid = {BB54C8CB-21ED-4441-88DA-3492F3615BFC}
	EndGlobalSection
EndGlobal
